
Microsoft Visual Studio Solution File, Format Version 12.00
# Visual Studio 14
VisualStudioVersion = 14.0.25420.1
MinimumVisualStudioVersion = 10.0.40219.1
Project("{FAE04EC0-301F-11D3-BF4B-00C04F79EFBC}") = "TG.GUI", "TG.GUI\TG.GUI.csproj", "{D9BE338F-447C-450E-8A69-87FE4AF981EE}"
EndProject
Project("{FAE04EC0-301F-11D3-BF4B-00C04F79EFBC}") = "LinearModelControlLib", "LinearModelControlLib\LinearModelControlLib.csproj", "{6BC82E20-6733-42E8-94CE-4D0BACAADC0B}"
EndProject
Global
	GlobalSection(SolutionConfigurationPlatforms) = preSolution
		Debug|x64 = Debug|x64
		Debug|x86 = Debug|x86
		Release|x64 = Release|x64
		Release|x86 = Release|x86
	EndGlobalSection
	GlobalSection(ProjectConfigurationPlatforms) = postSolution
		{D9BE338F-447C-450E-8A69-87FE4AF981EE}.Debug|x64.ActiveCfg = Debug|x64
		{D9BE338F-447C-450E-8A69-87FE4AF981EE}.Debug|x64.Build.0 = Debug|x64
		{D9BE338F-447C-450E-8A69-87FE4AF981EE}.Debug|x86.ActiveCfg = Debug|x86
		{D9BE338F-447C-450E-8A69-87FE4AF981EE}.Debug|x86.Build.0 = Debug|x86
		{D9BE338F-447C-450E-8A69-87FE4AF981EE}.Release|x64.ActiveCfg = Release|x64
		{D9BE338F-447C-450E-8A69-87FE4AF981EE}.Release|x64.Build.0 = Release|x64
		{D9BE338F-447C-450E-8A69-87FE4AF981EE}.Release|x86.ActiveCfg = Release|x86
		{D9BE338F-447C-450E-8A69-87FE4AF981EE}.Release|x86.Build.0 = Release|x86
		{6BC82E20-6733-42E8-94CE-4D0BACAADC0B}.Debug|x64.ActiveCfg = Debug|x64
		{6BC82E20-6733-42E8-94CE-4D0BACAADC0B}.Debug|x64.Build.0 = Debug|x64
		{6BC82E20-6733-42E8-94CE-4D0BACAADC0B}.Debug|x86.ActiveCfg = Debug|x86
		{6BC82E20-6733-42E8-94CE-4D0BACAADC0B}.Debug|x86.Build.0 = Debug|x86
		{6BC82E20-6733-42E8-94CE-4D0BACAADC0B}.Release|x64.ActiveCfg = Release|x64
		{6BC82E20-6733-42E8-94CE-4D0BACAADC0B}.Release|x64.Build.0 = Release|x64
		{6BC82E20-6733-42E8-94CE-4D0BACAADC0B}.Release|x86.ActiveCfg = Release|x86
		{6BC82E20-6733-42E8-94CE-4D0BACAADC0B}.Release|x86.Build.0 = Release|x86
	EndGlobalSection
	GlobalSection(SolutionProperties) = preSolution
		HideSolutionNode = FALSE
	EndGlobalSection
EndGlobal
